
Microsoft Visual Studio Solution File, Format Version 12.00
# Visual Studio Version 17
VisualStudioVersion = 17.7.34031.279
MinimumVisualStudioVersion = 10.0.40219.1
Project("{FAE04EC0-301F-11D3-BF4B-00C04F79EFBC}") = "Labs", "Labs\Labs.csproj", "{74558B03-B766-4387-93B3-BF3EEC8E9684}"
EndProject
Global
	GlobalSection(SolutionConfigurationPlatforms) = preSolution
		Debug|Any CPU = Debug|Any CPU
		Release|Any CPU = Release|Any CPU
	EndGlobalSection
	GlobalSection(ProjectConfigurationPlatforms) = postSolution
		{74558B03-B766-4387-93B3-BF3EEC8E9684}.Debug|Any CPU.ActiveCfg = Debug|Any CPU
		{74558B03-B766-4387-93B3-BF3EEC8E9684}.Debug|Any CPU.Build.0 = Debug|Any CPU
		{74558B03-B766-4387-93B3-BF3EEC8E9684}.Release|Any CPU.ActiveCfg = Release|Any CPU
		{74558B03-B766-4387-93B3-BF3EEC8E9684}.Release|Any CPU.Build.0 = Release|Any CPU
	EndGlobalSection
	GlobalSection(SolutionProperties) = preSolution
		HideSolutionNode = FALSE
	EndGlobalSection
	GlobalSection(ExtensibilityGlobals) = postSolution
		SolutionGuid = {05B2A8C8-B456-4500-80BF-D419916690FC}
	EndGlobalSection
EndGlobal
